
Microsoft Visual Studio Solution File, Format Version 12.00
# Visual Studio Version 17
VisualStudioVersion = 17.6.33723.286
MinimumVisualStudioVersion = 10.0.40219.1
Project("{FAE04EC0-301F-11D3-BF4B-00C04F79EFBC}") = "DEMO DOC GHI FILE", "DEMO DOC GHI FILE\DEMO DOC GHI FILE.csproj", "{B715FB1D-F871-4BC9-B052-93BB93404C73}"
EndProject
Global
	GlobalSection(SolutionConfigurationPlatforms) = preSolution
		Debug|Any CPU = Debug|Any CPU
		Release|Any CPU = Release|Any CPU
	EndGlobalSection
	GlobalSection(ProjectConfigurationPlatforms) = postSolution
		{B715FB1D-F871-4BC9-B052-93BB93404C73}.Debug|Any CPU.ActiveCfg = Debug|Any CPU
		{B715FB1D-F871-4BC9-B052-93BB93404C73}.Debug|Any CPU.Build.0 = Debug|Any CPU
		{B715FB1D-F871-4BC9-B052-93BB93404C73}.Release|Any CPU.ActiveCfg = Release|Any CPU
		{B715FB1D-F871-4BC9-B052-93BB93404C73}.Release|Any CPU.Build.0 = Release|Any CPU
	EndGlobalSection
	GlobalSection(SolutionProperties) = preSolution
		HideSolutionNode = FALSE
	EndGlobalSection
	GlobalSection(ExtensibilityGlobals) = postSolution
		SolutionGuid = {CA6C93ED-13E4-42AF-B874-E5287C1D3626}
	EndGlobalSection
EndGlobal
